{
  "meteor": {
    "git": "https://github.com/meteor/meteor.git",
    "branch": "master",
    "commit": "4d98d8cb4e5a95e9e98953f44c872c9332a042a3"
  },
  "dependencies": {
    "basePackages": {
      "collectionFS": {},
      "filepicker": {}
    },
    "packages": {
      "collectionFS": {
        "git": "https://github.com/raix/Meteor-CollectionFS.git",
        "tag": "v0.1.6",
        "commit": "bb1bdb208a1c9da536d99f1cdcb709f551a1b3da"
      },
      "filepicker": {
        "git": "https://github.com/Filepicker/meteor.git",
        "tag": "v0.2.0",
        "commit": "1ae688ad1abfbe6777c465e11a0d5287ad9e4d4a"
      }
    }
  }
}
